
Microsoft Visual Studio Solution File, Format Version 12.00
# Visual Studio 2013
VisualStudioVersion = 12.0.40629.0
MinimumVisualStudioVersion = 10.0.40219.1
Project("{8BC9CEB8-8B4A-11D0-8D11-00A0C91BC942}") = "2021_4_4", "2021_4_4\2021_4_4.vcxproj", "{E045B546-8906-4393-9BDB-AD40E2AABE39}"
EndProject
Global
	GlobalSection(SolutionConfigurationPlatforms) = preSolution
		Debug|Win32 = Debug|Win32
		Release|Win32 = Release|Win32
	EndGlobalSection
	GlobalSection(ProjectConfigurationPlatforms) = postSolution
		{E045B546-8906-4393-9BDB-AD40E2AABE39}.Debug|Win32.ActiveCfg = Debug|Win32
		{E045B546-8906-4393-9BDB-AD40E2AABE39}.Debug|Win32.Build.0 = Debug|Win32
		{E045B546-8906-4393-9BDB-AD40E2AABE39}.Release|Win32.ActiveCfg = Release|Win32
		{E045B546-8906-4393-9BDB-AD40E2AABE39}.Release|Win32.Build.0 = Release|Win32
	EndGlobalSection
	GlobalSection(SolutionProperties) = preSolution
		HideSolutionNode = FALSE
	EndGlobalSection
EndGlobal
